
Microsoft Visual Studio Solution File, Format Version 12.00
Project("{F2A71F9B-5D33-465A-A702-920D77279786}") = "Docs", "src\Docs\Docs.fsproj", "{63297B98-5CED-492C-A5B7-A5B4F73CF142}"
EndProject
Project("{F2A71F9B-5D33-465A-A702-920D77279786}") = "Feliz.Tailwind", "src\Feliz.Tailwind\Feliz.Tailwind.fsproj", "{3F7A6B8B-594C-4E1B-8374-722B2B3D8342}"
EndProject
Global
	GlobalSection(SolutionConfigurationPlatforms) = preSolution
		Debug|Any CPU = Debug|Any CPU
		Release|Any CPU = Release|Any CPU
	EndGlobalSection
	GlobalSection(ProjectConfigurationPlatforms) = postSolution
		{63297B98-5CED-492C-A5B7-A5B4F73CF142}.Debug|Any CPU.ActiveCfg = Debug|Any CPU
		{63297B98-5CED-492C-A5B7-A5B4F73CF142}.Debug|Any CPU.Build.0 = Debug|Any CPU
		{63297B98-5CED-492C-A5B7-A5B4F73CF142}.Release|Any CPU.ActiveCfg = Release|Any CPU
		{63297B98-5CED-492C-A5B7-A5B4F73CF142}.Release|Any CPU.Build.0 = Release|Any CPU
		{3F7A6B8B-594C-4E1B-8374-722B2B3D8342}.Debug|Any CPU.ActiveCfg = Debug|Any CPU
		{3F7A6B8B-594C-4E1B-8374-722B2B3D8342}.Debug|Any CPU.Build.0 = Debug|Any CPU
		{3F7A6B8B-594C-4E1B-8374-722B2B3D8342}.Release|Any CPU.ActiveCfg = Release|Any CPU
		{3F7A6B8B-594C-4E1B-8374-722B2B3D8342}.Release|Any CPU.Build.0 = Release|Any CPU
	EndGlobalSection
	GlobalSection(NestedProjects) = preSolution
	EndGlobalSection
EndGlobal
